{
  "originHash" : "30ae786601dac4ae70a40ef493b178ca58524072577c7dbd304d6f63a865f03b",
  "pins" : [
    {
      "identity" : "contactsmanager-ios",
      "kind" : "remoteSourceControl",
      "location" : "https://github.com/arpwal/contactsmanager-ios.git",
      "state" : {
        "revision" : "f54a980c217c1fa47609c8e45113639b5bc925a0",
        "version" : "0.11.0"
      }
    }
  ],
  "version" : 3
}
